{
  "version": 4,
  "terraform_version": "1.2.9",
  "serial": 78,
  "lineage": "3f7fad08-4e8e-8e67-3731-b3cb2aa03a0e",
  "outputs": {
    "api_env_json": {
      "value": "  {\n  \"AWS_PROFILE\": \"serverless-okta\",\n  \"AWS_REGION\": \"us-west-1\",\n  \"ENVIRONMENT\": \"dev\",\n  \"AWS_SSM_PREFIX\": \"dac\"\n  }\n",
      "type": "string"
    },
    "vue_env_dev": {
      "value": "VUE_APP_CLIENT_ID=0oa59c8r6lSsltISI1d7\nVUE_APP_ISSUER=https://atko-rocks.oktapreview.com/oauth2/aus59camk2vokOrFV1d7\nVUE_APP_ENFORCE_DOMAIN_CHECK=true\nVUE_APP_LOGO=\nVUE_APP_LOGO_INVERSE=\nVUE_APP_COMPANY_NAME=\nVUE_APP_PRIMARY_COLOR=\nVUE_APP_SECONDARY_COLOR=\n",
      "type": "string"
    }
  },
  "resources": [
    {
      "mode": "data",
      "type": "okta_group",
      "name": "dac-users",
      "provider": "provider[\"registry.terraform.io/okta/okta\"]",
      "instances": [
        {
          "schema_version": 0,
          "attributes": {
            "delay_read_seconds": null,
            "description": "All users in your organization",
            "id": "00g1zrvvutNbGOzkK1d7",
            "include_users": false,
            "name": "Everyone",
            "type": "BUILT_IN",
            "users": []
          },
          "sensitive_attributes": []
        }
      ]
    },
    {
      "mode": "data",
      "type": "okta_policy",
      "name": "idp_policy",
      "provider": "provider[\"registry.terraform.io/okta/okta\"]",
      "instances": [
        {
          "schema_version": 0,
          "attributes": {
            "id": "00p1zrvvvzTZD87n91d7",
            "name": "Idp Discovery Policy",
            "status": "ACTIVE",
            "type": "IDP_DISCOVERY"
          },
          "sensitive_attributes": []
        }
      ]
    },
    {
      "mode": "data",
      "type": "okta_user",
      "name": "dac-superuser",
      "provider": "provider[\"registry.terraform.io/okta/okta\"]",
      "instances": [
        {
          "schema_version": 0,
          "attributes": {
            "admin_roles": [
              "SUPER_ADMIN"
            ],
            "city": null,
            "compound_search_operator": "and",
            "cost_center": null,
            "country_code": null,
            "custom_profile_attributes": "{}",
            "delay_read_seconds": null,
            "department": null,
            "display_name": null,
            "division": null,
            "email": "df-terraform-user@atko.email",
            "employee_number": null,
            "first_name": "Terraform",
            "group_memberships": [
              "00g1zrvvutNbGOzkK1d7"
            ],
            "honorific_prefix": null,
            "honorific_suffix": null,
            "id": "00u59bh5woqCIVEgr1d7",
            "last_name": "User",
            "locale": null,
            "login": "df-terraform-user@atko.email",
            "manager": null,
            "manager_id": null,
            "middle_name": null,
            "mobile_phone": null,
            "nick_name": null,
            "organization": null,
            "postal_address": null,
            "preferred_language": null,
            "primary_phone": null,
            "profile_url": null,
            "search": [
              {
                "comparison": "eq",
                "expression": "",
                "name": "profile.login",
                "value": "df-terraform-user@atko.email"
              }
            ],
            "second_email": null,
            "skip_groups": false,
            "skip_roles": false,
            "state": null,
            "status": "ACTIVE",
            "street_address": null,
            "timezone": null,
            "title": null,
            "user_id": null,
            "user_type": null,
            "zip_code": null
          },
          "sensitive_attributes": []
        }
      ]
    },
    {
      "mode": "managed",
      "type": "aws_ssm_parameter",
      "name": "dac-prefix",
      "provider": "provider[\"registry.terraform.io/hashicorp/aws\"]",
      "instances": [
        {
          "schema_version": 0,
          "attributes": {
            "allowed_pattern": "",
            "arn": "arn:aws:ssm:us-west-1:436204580576:parameter/dac/okta/dev/dac-prefix",
            "data_type": "text",
            "description": "Reserve this Prefix for naming objects in Okta",
            "id": "/dac/okta/dev/dac-prefix",
            "insecure_value": null,
            "key_id": "",
            "name": "/dac/okta/dev/dac-prefix",
            "overwrite": null,
            "tags": {
              "environment": "dev"
            },
            "tags_all": {
              "environment": "dev"
            },
            "tier": "Standard",
            "type": "String",
            "value": "DAC",
            "version": 1
          },
          "sensitive_attributes": [],
          "private": "bnVsbA=="
        }
      ]
    },
    {
      "mode": "managed",
      "type": "aws_ssm_parameter",
      "name": "dns-verify-prefix",
      "provider": "provider[\"registry.terraform.io/hashicorp/aws\"]",
      "instances": [
        {
          "schema_version": 0,
          "attributes": {
            "allowed_pattern": "",
            "arn": "arn:aws:ssm:us-west-1:436204580576:parameter/dac/okta/dev/dns-verify-prefix",
            "data_type": "text",
            "description": "DNS Verification Prefix",
            "id": "/dac/okta/dev/dns-verify-prefix",
            "insecure_value": null,
            "key_id": "",
            "name": "/dac/okta/dev/dns-verify-prefix",
            "overwrite": null,
            "tags": {
              "environment": "dev"
            },
            "tags_all": {
              "environment": "dev"
            },
            "tier": "Standard",
            "type": "String",
            "value": "_oktadac.verification",
            "version": 1
          },
          "sensitive_attributes": [],
          "private": "bnVsbA=="
        }
      ]
    },
    {
      "mode": "managed",
      "type": "aws_ssm_parameter",
      "name": "dummy-cert",
      "provider": "provider[\"registry.terraform.io/hashicorp/aws\"]",
      "instances": [
        {
          "schema_version": 0,
          "attributes": {
            "allowed_pattern": "",
            "arn": "arn:aws:ssm:us-west-1:436204580576:parameter/dac/okta/dev/dummy-cert",
            "data_type": "text",
            "description": "A dummy DER or PEM encoded public key cert allowing us to add inactive IdPs",
            "id": "/dac/okta/dev/dummy-cert",
            "insecure_value": null,
            "key_id": "",
            "name": "/dac/okta/dev/dummy-cert",
            "overwrite": null,
            "tags": {
              "environment": "dev"
            },
            "tags_all": {
              "environment": "dev"
            },
            "tier": "Standard",
            "type": "String",
            "value": "MIIDpDCCAoygAwIBAgIGAYM9AMqKMA0GCSqGSIb3DQEBCwUAMIGSMQswCQYDVQQGEwJVUzETMBEG\nA1UECAwKQ2FsaWZvcm5pYTEWMBQGA1UEBwwNU2FuIEZyYW5jaXNjbzENMAsGA1UECgwET2t0YTEU\nMBIGA1UECwwLU1NPUHJvdmlkZXIxEzARBgNVBAMMCmF0a28tcm9ja3MxHDAaBgkqhkiG9w0BCQEW\nDWluZm9Ab2t0YS5jb20wHhcNMjIwOTE0MTcxNTQ1WhcNMzIwOTE0MTcxNjQ1WjCBkjELMAkGA1UE\nBhMCVVMxEzARBgNVBAgMCkNhbGlmb3JuaWExFjAUBgNVBAcMDVNhbiBGcmFuY2lzY28xDTALBgNV\nBAoMBE9rdGExFDASBgNVBAsMC1NTT1Byb3ZpZGVyMRMwEQYDVQQDDAphdGtvLXJvY2tzMRwwGgYJ\nKoZIhvcNAQkBFg1pbmZvQG9rdGEuY29tMIIBIjANBgkqhkiG9w0BAQEFAAOCAQ8AMIIBCgKCAQEA\nlaTCBgke9rLotuDQCHLkW6zMnzaHKuICr/WZn/RmmG9NCxxP0p87Z2DWGxQTTFfelhIO6kQoXaA1\ntZhqdM/XXoTm5D8gLd9OVpgcEneP9QRGKVDtIAJZTe5XfVDSuQkH9Q1LYiYE9j0UqY/up2W0rCSp\ncAK53NI33qq+otRHGwTXaQ/jsX8XlIlqQNbw9KErgzkOZQIG0ucLHn6wfBin/LooZPq7XwEBYSQD\n+F7HpJMXSUVjSJySbxoZGcZ8z/XXFCB0uMuqDvDBzzlUrhjNWLK6I4nsgarsB1cVkMzhB/nvKJU3\ndmm0m2++oj7Wsb3HDhzh0JDDF6mEFmiFKWpEQQIDAQABMA0GCSqGSIb3DQEBCwUAA4IBAQA3PyK1\npk0M6gh9k1dhlZ+RrWd/aGJP1Idv3eTdZICgNvj194eGD7er0+MnP/5OCEs9m1utDkO8jS3k9IO2\nsti1axiSGanvWVXriZuWnRkt4ZlIDbAEmmrTiOwVJZdlyFEAa5FO985wEicvKquEsecr96Y3oBQ1\nFx8qpt8U+nPn4NdmgA3voyKBslPhHE/xpt31tuOLDIA9RjDFDCgMZF8mX6e0ZcnYitEl2HFiKyUn\n74y/IXAryA+Ow7pBX/Ev0jZvUBitZISbc8strumKmuYnbaJ3vEQwRq+xiwSXw24pjl8zCXkScnsn\n6MVMZKdtPUOyJfUW/l+N88k9aJo7cq+g",
            "version": 2
          },
          "sensitive_attributes": [],
          "private": "bnVsbA==",
          "dependencies": [
            "okta_app_saml.dac-dummy-saml"
          ]
        }
      ]
    },
    {
      "mode": "managed",
      "type": "aws_ssm_parameter",
      "name": "okta-api-token",
      "provider": "provider[\"registry.terraform.io/hashicorp/aws\"]",
      "instances": [
        {
          "schema_version": 0,
          "attributes": {
            "allowed_pattern": "",
            "arn": "arn:aws:ssm:us-west-1:436204580576:parameter/dac/okta/dev/api-token",
            "data_type": "text",
            "description": "Okta API Token",
            "id": "/dac/okta/dev/api-token",
            "insecure_value": null,
            "key_id": "alias/aws/ssm",
            "name": "/dac/okta/dev/api-token",
            "overwrite": null,
            "tags": {
              "environment": "dev"
            },
            "tags_all": {
              "environment": "dev"
            },
            "tier": "Standard",
            "type": "SecureString",
            "value": "00l8LuLhCyoMTDCNmsgxLD1tqqRR6vpTkyoNfCsEbB",
            "version": 2
          },
          "sensitive_attributes": [],
          "private": "bnVsbA=="
        }
      ]
    },
    {
      "mode": "managed",
      "type": "aws_ssm_parameter",
      "name": "okta-audience",
      "provider": "provider[\"registry.terraform.io/hashicorp/aws\"]",
      "instances": [
        {
          "schema_version": 0,
          "attributes": {
            "allowed_pattern": "",
            "arn": "arn:aws:ssm:us-west-1:436204580576:parameter/dac/okta/dev/audience",
            "data_type": "text",
            "description": "Okta Audience",
            "id": "/dac/okta/dev/audience",
            "insecure_value": null,
            "key_id": "",
            "name": "/dac/okta/dev/audience",
            "overwrite": null,
            "tags": {
              "environment": "dev"
            },
            "tags_all": {
              "environment": "dev"
            },
            "tier": "Standard",
            "type": "String",
            "value": "api://okta-dac",
            "version": 1
          },
          "sensitive_attributes": [],
          "private": "bnVsbA=="
        }
      ]
    },
    {
      "mode": "managed",
      "type": "aws_ssm_parameter",
      "name": "okta-client-id",
      "provider": "provider[\"registry.terraform.io/hashicorp/aws\"]",
      "instances": [
        {
          "schema_version": 0,
          "attributes": {
            "allowed_pattern": "",
            "arn": "arn:aws:ssm:us-west-1:436204580576:parameter/dac/okta/dev/client-id",
            "data_type": "text",
            "description": "Okta App Client ID",
            "id": "/dac/okta/dev/client-id",
            "insecure_value": null,
            "key_id": "",
            "name": "/dac/okta/dev/client-id",
            "overwrite": null,
            "tags": {
              "environment": "dev"
            },
            "tags_all": {
              "environment": "dev"
            },
            "tier": "Standard",
            "type": "String",
            "value": "0oa59c8r6lSsltISI1d7",
            "version": 2
          },
          "sensitive_attributes": [],
          "private": "bnVsbA==",
          "dependencies": [
            "okta_app_oauth.okta-dac"
          ]
        }
      ]
    },
    {
      "mode": "managed",
      "type": "aws_ssm_parameter",
      "name": "okta-idp-disco-policyId",
      "provider": "provider[\"registry.terraform.io/hashicorp/aws\"]",
      "instances": [
        {
          "schema_version": 0,
          "attributes": {
            "allowed_pattern": "",
            "arn": "arn:aws:ssm:us-west-1:436204580576:parameter/dac/okta/dev/okta-idp-disco-policyId",
            "data_type": "text",
            "description": "The default routing rules' PolicyId",
            "id": "/dac/okta/dev/okta-idp-disco-policyId",
            "insecure_value": null,
            "key_id": "",
            "name": "/dac/okta/dev/okta-idp-disco-policyId",
            "overwrite": null,
            "tags": {
              "environment": "dev"
            },
            "tags_all": {
              "environment": "dev"
            },
            "tier": "Standard",
            "type": "String",
            "value": "00p1zrvvvzTZD87n91d7",
            "version": 2
          },
          "sensitive_attributes": [],
          "private": "bnVsbA==",
          "dependencies": [
            "data.okta_policy.idp_policy"
          ]
        }
      ]
    },
    {
      "mode": "managed",
      "type": "aws_ssm_parameter",
      "name": "okta-issuer-uri",
      "provider": "provider[\"registry.terraform.io/hashicorp/aws\"]",
      "instances": [
        {
          "schema_version": 0,
          "attributes": {
            "allowed_pattern": "",
            "arn": "arn:aws:ssm:us-west-1:436204580576:parameter/dac/okta/dev/issuer-uri",
            "data_type": "text",
            "description": "Okta Issuer URI",
            "id": "/dac/okta/dev/issuer-uri",
            "insecure_value": null,
            "key_id": "",
            "name": "/dac/okta/dev/issuer-uri",
            "overwrite": null,
            "tags": {
              "environment": "dev"
            },
            "tags_all": {
              "environment": "dev"
            },
            "tier": "Standard",
            "type": "String",
            "value": "https://atko-rocks.oktapreview.com/oauth2/aus59camk2vokOrFV1d7",
            "version": 2
          },
          "sensitive_attributes": [],
          "private": "bnVsbA==",
          "dependencies": [
            "okta_auth_server.okta-dac"
          ]
        }
      ]
    },
    {
      "mode": "managed",
      "type": "null_resource",
      "name": "waitForPolicy",
      "provider": "provider[\"registry.terraform.io/hashicorp/null\"]",
      "instances": [
        {
          "schema_version": 0,
          "attributes": {
            "id": "3689935209492637638",
            "triggers": {
              "before": "00p59c9xf9Y4UCima1d7"
            }
          },
          "sensitive_attributes": [],
          "private": "bnVsbA==",
          "dependencies": [
            "okta_app_oauth.okta-dac",
            "okta_auth_server.okta-dac",
            "okta_auth_server_policy.okta-dac"
          ]
        }
      ]
    },
    {
      "mode": "managed",
      "type": "okta_app_group_assignment",
      "name": "okta-dac",
      "provider": "provider[\"registry.terraform.io/okta/okta\"]",
      "instances": [
        {
          "schema_version": 0,
          "attributes": {
            "app_id": "0oa59c8r6lSsltISI1d7",
            "group_id": "00g59c95rvJzBUZaS1d7",
            "id": "00g59c95rvJzBUZaS1d7",
            "priority": 0,
            "profile": "{\"tenants\":null}",
            "retain_assignment": false,
            "timeouts": null
          },
          "sensitive_attributes": [],
          "private": "eyJlMmJmYjczMC1lY2FhLTExZTYtOGY4OC0zNDM2M2JjN2M0YzAiOnsiY3JlYXRlIjozNjAwMDAwMDAwMDAwLCJyZWFkIjozNjAwMDAwMDAwMDAwLCJ1cGRhdGUiOjM2MDAwMDAwMDAwMDB9fQ==",
          "dependencies": [
            "okta_app_oauth.okta-dac",
            "okta_group.dac-superusers"
          ]
        }
      ]
    },
    {
      "mode": "managed",
      "type": "okta_app_oauth",
      "name": "okta-dac",
      "provider": "provider[\"registry.terraform.io/okta/okta\"]",
      "instances": [
        {
          "schema_version": 0,
          "attributes": {
            "accessibility_error_redirect_url": "",
            "accessibility_login_redirect_url": "",
            "accessibility_self_service": false,
            "admin_note": "",
            "app_links_json": "{\"oidc_client_link\":true}",
            "app_settings_json": "{}",
            "authentication_policy": null,
            "auto_key_rotation": true,
            "auto_submit_toolbar": false,
            "client_basic_secret": null,
            "client_id": "0oa59c8r6lSsltISI1d7",
            "client_secret": "",
            "client_uri": "",
            "consent_method": "TRUSTED",
            "custom_client_id": null,
            "enduser_note": "",
            "grant_types": [
              "authorization_code"
            ],
            "groups": null,
            "groups_claim": [],
            "hide_ios": true,
            "hide_web": true,
            "id": "0oa59c8r6lSsltISI1d7",
            "implicit_assignment": false,
            "issuer_mode": "ORG_URL",
            "jwks": [],
            "label": "okta-dac",
            "login_mode": "DISABLED",
            "login_scopes": null,
            "login_uri": "",
            "logo": null,
            "logo_uri": "",
            "logo_url": "https://op3static.oktacdn.com/assets/img/logos/default.6770228fb0dab49a1695ef440a5279bb.png",
            "name": "oidc_client",
            "omit_secret": false,
            "policy_uri": "",
            "post_logout_redirect_uris": [
              "http://localhost:8080"
            ],
            "profile": "",
            "redirect_uris": [
              "http://localhost:8080/oauth/callback"
            ],
            "refresh_token_leeway": null,
            "refresh_token_rotation": null,
            "response_types": [
              "code"
            ],
            "sign_on_mode": "OPENID_CONNECT",
            "skip_groups": false,
            "skip_users": false,
            "status": "ACTIVE",
            "timeouts": null,
            "token_endpoint_auth_method": "none",
            "tos_uri": "",
            "type": "browser",
            "user_name_template": "${source.login}",
            "user_name_template_push_status": "",
            "user_name_template_suffix": "",
            "user_name_template_type": "BUILT_IN",
            "users": [],
            "wildcard_redirect": "DISABLED"
          },
          "sensitive_attributes": [],
          "private": "eyJlMmJmYjczMC1lY2FhLTExZTYtOGY4OC0zNDM2M2JjN2M0YzAiOnsiY3JlYXRlIjozNjAwMDAwMDAwMDAwLCJyZWFkIjozNjAwMDAwMDAwMDAwLCJ1cGRhdGUiOjM2MDAwMDAwMDAwMDB9fQ=="
        }
      ]
    },
    {
      "mode": "managed",
      "type": "okta_app_saml",
      "name": "dac-dummy-saml",
      "provider": "provider[\"registry.terraform.io/okta/okta\"]",
      "instances": [
        {
          "schema_version": 0,
          "attributes": {
            "accessibility_error_redirect_url": "",
            "accessibility_login_redirect_url": "",
            "accessibility_self_service": false,
            "acs_endpoints": null,
            "admin_note": "",
            "app_links_json": "{\"atko-rocks_dacdummysaml_1_link\":true}",
            "app_settings_json": "{}",
            "assertion_signed": false,
            "attribute_statements": [],
            "audience": "http://example.com/audience",
            "authentication_policy": null,
            "authn_context_class_ref": "urn:oasis:names:tc:SAML:2.0:ac:classes:PasswordProtectedTransport",
            "auto_submit_toolbar": false,
            "certificate": "MIIDpDCCAoygAwIBAgIGAYM9AMqKMA0GCSqGSIb3DQEBCwUAMIGSMQswCQYDVQQGEwJVUzETMBEG\nA1UECAwKQ2FsaWZvcm5pYTEWMBQGA1UEBwwNU2FuIEZyYW5jaXNjbzENMAsGA1UECgwET2t0YTEU\nMBIGA1UECwwLU1NPUHJvdmlkZXIxEzARBgNVBAMMCmF0a28tcm9ja3MxHDAaBgkqhkiG9w0BCQEW\nDWluZm9Ab2t0YS5jb20wHhcNMjIwOTE0MTcxNTQ1WhcNMzIwOTE0MTcxNjQ1WjCBkjELMAkGA1UE\nBhMCVVMxEzARBgNVBAgMCkNhbGlmb3JuaWExFjAUBgNVBAcMDVNhbiBGcmFuY2lzY28xDTALBgNV\nBAoMBE9rdGExFDASBgNVBAsMC1NTT1Byb3ZpZGVyMRMwEQYDVQQDDAphdGtvLXJvY2tzMRwwGgYJ\nKoZIhvcNAQkBFg1pbmZvQG9rdGEuY29tMIIBIjANBgkqhkiG9w0BAQEFAAOCAQ8AMIIBCgKCAQEA\nlaTCBgke9rLotuDQCHLkW6zMnzaHKuICr/WZn/RmmG9NCxxP0p87Z2DWGxQTTFfelhIO6kQoXaA1\ntZhqdM/XXoTm5D8gLd9OVpgcEneP9QRGKVDtIAJZTe5XfVDSuQkH9Q1LYiYE9j0UqY/up2W0rCSp\ncAK53NI33qq+otRHGwTXaQ/jsX8XlIlqQNbw9KErgzkOZQIG0ucLHn6wfBin/LooZPq7XwEBYSQD\n+F7HpJMXSUVjSJySbxoZGcZ8z/XXFCB0uMuqDvDBzzlUrhjNWLK6I4nsgarsB1cVkMzhB/nvKJU3\ndmm0m2++oj7Wsb3HDhzh0JDDF6mEFmiFKWpEQQIDAQABMA0GCSqGSIb3DQEBCwUAA4IBAQA3PyK1\npk0M6gh9k1dhlZ+RrWd/aGJP1Idv3eTdZICgNvj194eGD7er0+MnP/5OCEs9m1utDkO8jS3k9IO2\nsti1axiSGanvWVXriZuWnRkt4ZlIDbAEmmrTiOwVJZdlyFEAa5FO985wEicvKquEsecr96Y3oBQ1\nFx8qpt8U+nPn4NdmgA3voyKBslPhHE/xpt31tuOLDIA9RjDFDCgMZF8mX6e0ZcnYitEl2HFiKyUn\n74y/IXAryA+Ow7pBX/Ev0jZvUBitZISbc8strumKmuYnbaJ3vEQwRq+xiwSXw24pjl8zCXkScnsn\n6MVMZKdtPUOyJfUW/l+N88k9aJo7cq+g",
            "default_relay_state": "",
            "destination": "http://example.com",
            "digest_algorithm": "SHA256",
            "embed_url": "https://atko-rocks.oktapreview.com/home/atko-rocks_dacdummysaml_1/0oa59c99hhnE2x9To1d7/aln59cckp6iZXU9h31d7",
            "enduser_note": "",
            "entity_key": "exk59c99hgwpnS32i1d7",
            "entity_url": "http://www.okta.com/exk59c99hgwpnS32i1d7",
            "features": null,
            "groups": null,
            "hide_ios": false,
            "hide_web": false,
            "honor_force_authn": false,
            "http_post_binding": "https://atko-rocks.oktapreview.com/app/atko-rocks_dacdummysaml_1/exk59c99hgwpnS32i1d7/sso/saml",
            "http_redirect_binding": "https://atko-rocks.oktapreview.com/app/atko-rocks_dacdummysaml_1/exk59c99hgwpnS32i1d7/sso/saml",
            "id": "0oa59c99hhnE2x9To1d7",
            "idp_issuer": "http://www.okta.com/${org.externalKey}",
            "implicit_assignment": false,
            "inline_hook_id": null,
            "key_id": "cHLsPr4J-j2Uk6I5WN4J65NXKuVvLZ20TtixYCPBsbg",
            "key_name": null,
            "key_years_valid": null,
            "keys": [
              {
                "created": "2022-09-14 17:16:45 +0000 UTC",
                "e": "AQAB",
                "expires_at": "2032-09-14 17:16:45 +0000 UTC",
                "kid": "cHLsPr4J-j2Uk6I5WN4J65NXKuVvLZ20TtixYCPBsbg",
                "kty": "RSA",
                "last_updated": "2022-09-14 17:16:45 +0000 UTC",
                "n": "laTCBgke9rLotuDQCHLkW6zMnzaHKuICr_WZn_RmmG9NCxxP0p87Z2DWGxQTTFfelhIO6kQoXaA1tZhqdM_XXoTm5D8gLd9OVpgcEneP9QRGKVDtIAJZTe5XfVDSuQkH9Q1LYiYE9j0UqY_up2W0rCSpcAK53NI33qq-otRHGwTXaQ_jsX8XlIlqQNbw9KErgzkOZQIG0ucLHn6wfBin_LooZPq7XwEBYSQD-F7HpJMXSUVjSJySbxoZGcZ8z_XXFCB0uMuqDvDBzzlUrhjNWLK6I4nsgarsB1cVkMzhB_nvKJU3dmm0m2--oj7Wsb3HDhzh0JDDF6mEFmiFKWpEQQ",
                "use": "sig",
                "x5c": [
                  "MIIDpDCCAoygAwIBAgIGAYM9AMqKMA0GCSqGSIb3DQEBCwUAMIGSMQswCQYDVQQGEwJVUzETMBEGA1UECAwKQ2FsaWZvcm5pYTEWMBQGA1UEBwwNU2FuIEZyYW5jaXNjbzENMAsGA1UECgwET2t0YTEUMBIGA1UECwwLU1NPUHJvdmlkZXIxEzARBgNVBAMMCmF0a28tcm9ja3MxHDAaBgkqhkiG9w0BCQEWDWluZm9Ab2t0YS5jb20wHhcNMjIwOTE0MTcxNTQ1WhcNMzIwOTE0MTcxNjQ1WjCBkjELMAkGA1UEBhMCVVMxEzARBgNVBAgMCkNhbGlmb3JuaWExFjAUBgNVBAcMDVNhbiBGcmFuY2lzY28xDTALBgNVBAoMBE9rdGExFDASBgNVBAsMC1NTT1Byb3ZpZGVyMRMwEQYDVQQDDAphdGtvLXJvY2tzMRwwGgYJKoZIhvcNAQkBFg1pbmZvQG9rdGEuY29tMIIBIjANBgkqhkiG9w0BAQEFAAOCAQ8AMIIBCgKCAQEAlaTCBgke9rLotuDQCHLkW6zMnzaHKuICr/WZn/RmmG9NCxxP0p87Z2DWGxQTTFfelhIO6kQoXaA1tZhqdM/XXoTm5D8gLd9OVpgcEneP9QRGKVDtIAJZTe5XfVDSuQkH9Q1LYiYE9j0UqY/up2W0rCSpcAK53NI33qq+otRHGwTXaQ/jsX8XlIlqQNbw9KErgzkOZQIG0ucLHn6wfBin/LooZPq7XwEBYSQD+F7HpJMXSUVjSJySbxoZGcZ8z/XXFCB0uMuqDvDBzzlUrhjNWLK6I4nsgarsB1cVkMzhB/nvKJU3dmm0m2++oj7Wsb3HDhzh0JDDF6mEFmiFKWpEQQIDAQABMA0GCSqGSIb3DQEBCwUAA4IBAQA3PyK1pk0M6gh9k1dhlZ+RrWd/aGJP1Idv3eTdZICgNvj194eGD7er0+MnP/5OCEs9m1utDkO8jS3k9IO2sti1axiSGanvWVXriZuWnRkt4ZlIDbAEmmrTiOwVJZdlyFEAa5FO985wEicvKquEsecr96Y3oBQ1Fx8qpt8U+nPn4NdmgA3voyKBslPhHE/xpt31tuOLDIA9RjDFDCgMZF8mX6e0ZcnYitEl2HFiKyUn74y/IXAryA+Ow7pBX/Ev0jZvUBitZISbc8strumKmuYnbaJ3vEQwRq+xiwSXw24pjl8zCXkScnsn6MVMZKdtPUOyJfUW/l+N88k9aJo7cq+g"
                ],
                "x5t_s256": "B7vxFsWaMrfxRTdJFbbVfboaw_i_ujrJ6Pd6RxnI2kw"
              }
            ],
            "label": "dac-dummy-saml",
            "logo": null,
            "logo_url": "https://op3static.oktacdn.com/assets/img/logos/default.6770228fb0dab49a1695ef440a5279bb.png",
            "metadata": "\u003c?xml version=\"1.0\" encoding=\"UTF-8\"?\u003e\u003cmd:EntityDescriptor entityID=\"http://www.okta.com/exk59c99hgwpnS32i1d7\" xmlns:md=\"urn:oasis:names:tc:SAML:2.0:metadata\"\u003e\u003cmd:IDPSSODescriptor WantAuthnRequestsSigned=\"false\" protocolSupportEnumeration=\"urn:oasis:names:tc:SAML:2.0:protocol\"\u003e\u003cmd:KeyDescriptor use=\"signing\"\u003e\u003cds:KeyInfo xmlns:ds=\"http://www.w3.org/2000/09/xmldsig#\"\u003e\u003cds:X509Data\u003e\u003cds:X509Certificate\u003eMIIDpDCCAoygAwIBAgIGAYM9AMqKMA0GCSqGSIb3DQEBCwUAMIGSMQswCQYDVQQGEwJVUzETMBEG\nA1UECAwKQ2FsaWZvcm5pYTEWMBQGA1UEBwwNU2FuIEZyYW5jaXNjbzENMAsGA1UECgwET2t0YTEU\nMBIGA1UECwwLU1NPUHJvdmlkZXIxEzARBgNVBAMMCmF0a28tcm9ja3MxHDAaBgkqhkiG9w0BCQEW\nDWluZm9Ab2t0YS5jb20wHhcNMjIwOTE0MTcxNTQ1WhcNMzIwOTE0MTcxNjQ1WjCBkjELMAkGA1UE\nBhMCVVMxEzARBgNVBAgMCkNhbGlmb3JuaWExFjAUBgNVBAcMDVNhbiBGcmFuY2lzY28xDTALBgNV\nBAoMBE9rdGExFDASBgNVBAsMC1NTT1Byb3ZpZGVyMRMwEQYDVQQDDAphdGtvLXJvY2tzMRwwGgYJ\nKoZIhvcNAQkBFg1pbmZvQG9rdGEuY29tMIIBIjANBgkqhkiG9w0BAQEFAAOCAQ8AMIIBCgKCAQEA\nlaTCBgke9rLotuDQCHLkW6zMnzaHKuICr/WZn/RmmG9NCxxP0p87Z2DWGxQTTFfelhIO6kQoXaA1\ntZhqdM/XXoTm5D8gLd9OVpgcEneP9QRGKVDtIAJZTe5XfVDSuQkH9Q1LYiYE9j0UqY/up2W0rCSp\ncAK53NI33qq+otRHGwTXaQ/jsX8XlIlqQNbw9KErgzkOZQIG0ucLHn6wfBin/LooZPq7XwEBYSQD\n+F7HpJMXSUVjSJySbxoZGcZ8z/XXFCB0uMuqDvDBzzlUrhjNWLK6I4nsgarsB1cVkMzhB/nvKJU3\ndmm0m2++oj7Wsb3HDhzh0JDDF6mEFmiFKWpEQQIDAQABMA0GCSqGSIb3DQEBCwUAA4IBAQA3PyK1\npk0M6gh9k1dhlZ+RrWd/aGJP1Idv3eTdZICgNvj194eGD7er0+MnP/5OCEs9m1utDkO8jS3k9IO2\nsti1axiSGanvWVXriZuWnRkt4ZlIDbAEmmrTiOwVJZdlyFEAa5FO985wEicvKquEsecr96Y3oBQ1\nFx8qpt8U+nPn4NdmgA3voyKBslPhHE/xpt31tuOLDIA9RjDFDCgMZF8mX6e0ZcnYitEl2HFiKyUn\n74y/IXAryA+Ow7pBX/Ev0jZvUBitZISbc8strumKmuYnbaJ3vEQwRq+xiwSXw24pjl8zCXkScnsn\n6MVMZKdtPUOyJfUW/l+N88k9aJo7cq+g\u003c/ds:X509Certificate\u003e\u003c/ds:X509Data\u003e\u003c/ds:KeyInfo\u003e\u003c/md:KeyDescriptor\u003e\u003cmd:NameIDFormat\u003eurn:oasis:names:tc:SAML:1.1:nameid-format:emailAddress\u003c/md:NameIDFormat\u003e\u003cmd:SingleSignOnService Binding=\"urn:oasis:names:tc:SAML:2.0:bindings:HTTP-POST\" Location=\"https://atko-rocks.oktapreview.com/app/atko-rocks_dacdummysaml_1/exk59c99hgwpnS32i1d7/sso/saml\"/\u003e\u003cmd:SingleSignOnService Binding=\"urn:oasis:names:tc:SAML:2.0:bindings:HTTP-Redirect\" Location=\"https://atko-rocks.oktapreview.com/app/atko-rocks_dacdummysaml_1/exk59c99hgwpnS32i1d7/sso/saml\"/\u003e\u003c/md:IDPSSODescriptor\u003e\u003c/md:EntityDescriptor\u003e",
            "metadata_url": "https://atko-rocks.oktapreview.com/api/v1/apps/0oa59c99hhnE2x9To1d7/sso/saml/metadata?kid=cHLsPr4J-j2Uk6I5WN4J65NXKuVvLZ20TtixYCPBsbg",
            "name": "atko-rocks_dacdummysaml_1",
            "preconfigured_app": "atko-rocks_dacdummysaml_1",
            "recipient": "http://example.com",
            "request_compressed": null,
            "response_signed": true,
            "saml_version": "2.0",
            "sign_on_mode": "SAML_2_0",
            "signature_algorithm": "RSA_SHA256",
            "single_logout_certificate": null,
            "single_logout_issuer": null,
            "single_logout_url": null,
            "skip_groups": false,
            "skip_users": false,
            "sp_issuer": null,
            "sso_url": "http://example.com",
            "status": "ACTIVE",
            "subject_name_id_format": "urn:oasis:names:tc:SAML:1.1:nameid-format:emailAddress",
            "subject_name_id_template": "${user.userName}",
            "timeouts": null,
            "user_name_template": "${source.login}",
            "user_name_template_push_status": "",
            "user_name_template_suffix": "",
            "user_name_template_type": "BUILT_IN",
            "users": []
          },
          "sensitive_attributes": [],
          "private": "eyJlMmJmYjczMC1lY2FhLTExZTYtOGY4OC0zNDM2M2JjN2M0YzAiOnsiY3JlYXRlIjozNjAwMDAwMDAwMDAwLCJyZWFkIjozNjAwMDAwMDAwMDAwLCJ1cGRhdGUiOjM2MDAwMDAwMDAwMDB9fQ=="
        }
      ]
    },
    {
      "mode": "managed",
      "type": "okta_app_user_schema_property",
      "name": "okta-dac-tenants",
      "provider": "provider[\"registry.terraform.io/okta/okta\"]",
      "instances": [
        {
          "schema_version": 2,
          "attributes": {
            "app_id": "0oa59c8r6lSsltISI1d7",
            "array_enum": null,
            "array_one_of": [],
            "array_type": "string",
            "description": "Tenants App Profile Attribute",
            "enum": null,
            "external_name": "",
            "external_namespace": "",
            "id": "0oa59c8r6lSsltISI1d7/tenants",
            "index": "tenants",
            "master": "OKTA",
            "max_length": 0,
            "min_length": 0,
            "one_of": [],
            "permissions": "READ_WRITE",
            "required": false,
            "scope": "NONE",
            "title": "Tenants",
            "type": "array",
            "union": false,
            "unique": "",
            "user_type": "default"
          },
          "sensitive_attributes": [],
          "private": "eyJzY2hlbWFfdmVyc2lvbiI6IjIifQ==",
          "dependencies": [
            "okta_app_oauth.okta-dac"
          ]
        }
      ]
    },
    {
      "mode": "managed",
      "type": "okta_auth_server",
      "name": "okta-dac",
      "provider": "provider[\"registry.terraform.io/okta/okta\"]",
      "instances": [
        {
          "schema_version": 0,
          "attributes": {
            "audiences": [
              "api://okta-dac"
            ],
            "credentials_last_rotated": "2022-09-14 17:16:38 +0000 UTC",
            "credentials_next_rotation": "2022-12-13 17:16:38 +0000 UTC",
            "credentials_rotation_mode": "AUTO",
            "description": "Okta DAC Authorization Server",
            "id": "aus59camk2vokOrFV1d7",
            "issuer": "https://atko-rocks.oktapreview.com/oauth2/aus59camk2vokOrFV1d7",
            "issuer_mode": "ORG_URL",
            "kid": "DADUiCWVRje-J7F2pqSgqniiFMjYQLxbRZQfrsi1ZIM",
            "name": "okta-dac",
            "status": "ACTIVE"
          },
          "sensitive_attributes": [],
          "private": "bnVsbA=="
        }
      ]
    },
    {
      "mode": "managed",
      "type": "okta_auth_server_claim",
      "name": "okta-dac-groups-at",
      "provider": "provider[\"registry.terraform.io/okta/okta\"]",
      "instances": [
        {
          "schema_version": 0,
          "attributes": {
            "always_include_in_token": true,
            "auth_server_id": "aus59camk2vokOrFV1d7",
            "claim_type": "RESOURCE",
            "group_filter_type": "REGEX",
            "id": "ocl59c9k6iyKmfOML1d7",
            "name": "groups",
            "scopes": [
              "dac.admin"
            ],
            "status": "ACTIVE",
            "value": ".*",
            "value_type": "GROUPS"
          },
          "sensitive_attributes": [],
          "private": "bnVsbA==",
          "dependencies": [
            "okta_auth_server.okta-dac",
            "okta_auth_server_scope.okta-dac"
          ]
        }
      ]
    },
    {
      "mode": "managed",
      "type": "okta_auth_server_claim",
      "name": "okta-dac-groups-id",
      "provider": "provider[\"registry.terraform.io/okta/okta\"]",
      "instances": [
        {
          "schema_version": 0,
          "attributes": {
            "always_include_in_token": true,
            "auth_server_id": "aus59camk2vokOrFV1d7",
            "claim_type": "IDENTITY",
            "group_filter_type": "REGEX",
            "id": "ocl59ca5rcjnyXNXX1d7",
            "name": "groups",
            "scopes": [
              "dac.admin"
            ],
            "status": "ACTIVE",
            "value": ".*",
            "value_type": "GROUPS"
          },
          "sensitive_attributes": [],
          "private": "bnVsbA==",
          "dependencies": [
            "okta_auth_server.okta-dac",
            "okta_auth_server_scope.okta-dac"
          ]
        }
      ]
    },
    {
      "mode": "managed",
      "type": "okta_auth_server_claim",
      "name": "okta-dac-tenants-at",
      "provider": "provider[\"registry.terraform.io/okta/okta\"]",
      "instances": [
        {
          "schema_version": 0,
          "attributes": {
            "always_include_in_token": true,
            "auth_server_id": "aus59camk2vokOrFV1d7",
            "claim_type": "RESOURCE",
            "group_filter_type": "",
            "id": "ocl59c99n08gtSumh1d7",
            "name": "tenants",
            "scopes": [
              "dac.admin"
            ],
            "status": "ACTIVE",
            "value": "appuser.tenants",
            "value_type": "EXPRESSION"
          },
          "sensitive_attributes": [],
          "private": "bnVsbA==",
          "dependencies": [
            "okta_auth_server.okta-dac",
            "okta_auth_server_scope.okta-dac"
          ]
        }
      ]
    },
    {
      "mode": "managed",
      "type": "okta_auth_server_claim",
      "name": "okta-dac-tenants-id",
      "provider": "provider[\"registry.terraform.io/okta/okta\"]",
      "instances": [
        {
          "schema_version": 0,
          "attributes": {
            "always_include_in_token": true,
            "auth_server_id": "aus59camk2vokOrFV1d7",
            "claim_type": "IDENTITY",
            "group_filter_type": "",
            "id": "ocl59c9wjpsakHe5v1d7",
            "name": "tenants",
            "scopes": [
              "dac.admin"
            ],
            "status": "ACTIVE",
            "value": "appuser.tenants",
            "value_type": "EXPRESSION"
          },
          "sensitive_attributes": [],
          "private": "bnVsbA==",
          "dependencies": [
            "okta_auth_server.okta-dac",
            "okta_auth_server_scope.okta-dac"
          ]
        }
      ]
    },
    {
      "mode": "managed",
      "type": "okta_auth_server_policy",
      "name": "okta-dac",
      "provider": "provider[\"registry.terraform.io/okta/okta\"]",
      "instances": [
        {
          "schema_version": 0,
          "attributes": {
            "auth_server_id": "aus59camk2vokOrFV1d7",
            "client_whitelist": [
              "0oa59c8r6lSsltISI1d7"
            ],
            "description": "okta-dac policy",
            "id": "00p59c9xf9Y4UCima1d7",
            "name": "okta-dac",
            "priority": 1,
            "status": "ACTIVE",
            "type": null
          },
          "sensitive_attributes": [],
          "private": "bnVsbA==",
          "dependencies": [
            "okta_app_oauth.okta-dac",
            "okta_auth_server.okta-dac"
          ]
        }
      ]
    },
    {
      "mode": "managed",
      "type": "okta_auth_server_policy_rule",
      "name": "okta-dac",
      "provider": "provider[\"registry.terraform.io/okta/okta\"]",
      "instances": [
        {
          "schema_version": 0,
          "attributes": {
            "access_token_lifetime_minutes": 60,
            "auth_server_id": "aus59camk2vokOrFV1d7",
            "grant_type_whitelist": [
              "authorization_code"
            ],
            "group_blacklist": null,
            "group_whitelist": [
              "00g1zrvvutNbGOzkK1d7"
            ],
            "id": "0pr59ca4ezJUp1LE41d7",
            "inline_hook_id": null,
            "name": "DAC Users",
            "policy_id": "00p59c9xf9Y4UCima1d7",
            "priority": 1,
            "refresh_token_lifetime_minutes": 0,
            "refresh_token_window_minutes": 10080,
            "scope_whitelist": [
              "address",
              "email",
              "offline_access",
              "openid",
              "phone",
              "profile"
            ],
            "status": "ACTIVE",
            "type": "RESOURCE_ACCESS",
            "user_blacklist": null,
            "user_whitelist": null
          },
          "sensitive_attributes": [],
          "private": "bnVsbA==",
          "dependencies": [
            "data.okta_group.dac-users",
            "null_resource.waitForPolicy",
            "okta_app_oauth.okta-dac",
            "okta_auth_server.okta-dac",
            "okta_auth_server_policy.okta-dac"
          ]
        }
      ]
    },
    {
      "mode": "managed",
      "type": "okta_auth_server_policy_rule",
      "name": "okta-dac-catch-all",
      "provider": "provider[\"registry.terraform.io/okta/okta\"]",
      "instances": [
        {
          "schema_version": 0,
          "attributes": {
            "access_token_lifetime_minutes": 60,
            "auth_server_id": "aus59camk2vokOrFV1d7",
            "grant_type_whitelist": [
              "authorization_code"
            ],
            "group_blacklist": null,
            "group_whitelist": [
              "00g1zrvvutNbGOzkK1d7"
            ],
            "id": "0pr59cadjc4ZaBxad1d7",
            "inline_hook_id": null,
            "name": "Everyone Else",
            "policy_id": "00p59c9xf9Y4UCima1d7",
            "priority": 2,
            "refresh_token_lifetime_minutes": 0,
            "refresh_token_window_minutes": 10080,
            "scope_whitelist": [
              "*"
            ],
            "status": "ACTIVE",
            "type": "RESOURCE_ACCESS",
            "user_blacklist": null,
            "user_whitelist": null
          },
          "sensitive_attributes": [],
          "private": "bnVsbA==",
          "dependencies": [
            "data.okta_group.dac-users",
            "null_resource.waitForPolicy",
            "okta_app_oauth.okta-dac",
            "okta_auth_server.okta-dac",
            "okta_auth_server_policy.okta-dac"
          ]
        }
      ]
    },
    {
      "mode": "managed",
      "type": "okta_auth_server_scope",
      "name": "okta-dac",
      "provider": "provider[\"registry.terraform.io/okta/okta\"]",
      "instances": [
        {
          "schema_version": 0,
          "attributes": {
            "auth_server_id": "aus59camk2vokOrFV1d7",
            "consent": "IMPLICIT",
            "default": false,
            "description": "Scope for accessing the okta-dac App",
            "display_name": "",
            "id": "scp59c8lscTjEiNk11d7",
            "metadata_publish": "ALL_CLIENTS",
            "name": "dac.admin",
            "system": false
          },
          "sensitive_attributes": [],
          "private": "bnVsbA==",
          "dependencies": [
            "okta_auth_server.okta-dac"
          ]
        }
      ]
    },
    {
      "mode": "managed",
      "type": "okta_group",
      "name": "dac-superusers",
      "provider": "provider[\"registry.terraform.io/okta/okta\"]",
      "instances": [
        {
          "schema_version": 0,
          "attributes": {
            "custom_profile_attributes": "{}",
            "description": "",
            "id": "00g59c95rvJzBUZaS1d7",
            "name": "SUPERUSERS",
            "skip_users": false,
            "users": null
          },
          "sensitive_attributes": [],
          "private": "bnVsbA=="
        }
      ]
    },
    {
      "mode": "managed",
      "type": "okta_group_memberships",
      "name": "dac-superusers",
      "provider": "provider[\"registry.terraform.io/okta/okta\"]",
      "instances": [
        {
          "schema_version": 0,
          "attributes": {
            "group_id": "00g59c95rvJzBUZaS1d7",
            "id": "00g59c95rvJzBUZaS1d7",
            "track_all_users": false,
            "users": [
              "00u59bh5woqCIVEgr1d7"
            ]
          },
          "sensitive_attributes": [],
          "private": "bnVsbA==",
          "dependencies": [
            "data.okta_user.dac-superuser",
            "okta_group.dac-superusers"
          ]
        }
      ]
    },
    {
      "mode": "managed",
      "type": "okta_group_role",
      "name": "dac-superusers",
      "provider": "provider[\"registry.terraform.io/okta/okta\"]",
      "instances": [
        {
          "schema_version": 0,
          "attributes": {
            "disable_notifications": false,
            "group_id": "00g59c95rvJzBUZaS1d7",
            "id": "gra59ca2pipHYQZZI1d7",
            "role_type": "SUPER_ADMIN",
            "target_app_list": null,
            "target_group_list": null
          },
          "sensitive_attributes": [],
          "private": "bnVsbA==",
          "dependencies": [
            "okta_group.dac-superusers"
          ]
        }
      ]
    },
    {
      "mode": "managed",
      "type": "okta_template_email",
      "name": "email-welcome",
      "provider": "provider[\"registry.terraform.io/okta/okta\"]",
      "instances": [
        {
          "schema_version": 0,
          "attributes": {
            "default_language": "",
            "id": "email.welcome",
            "translations": [],
            "type": "email.welcome"
          },
          "sensitive_attributes": [],
          "private": "bnVsbA=="
        }
      ]
    }
  ]
}
